github.com/go-redis/redis v6.15.9+incompatible h1:K0pv1D7EQUjfyoMql+r/jZqCLizCGKFlFgcHWWmHQjg=
github.com/go-redis/redis v6.15.9+incompatible/go.mod h1:NAIEuMOZ/fxfXJIrKDQDz8wamY7mA7PouImQ2Jvg6kA=
github.com/go-sql-driver/mysql v1.7.0 h1:ueSltNNllEqE3qcWBTD0iQd3IpL/6U+mJxLkazJ7YPc=
github.com/go-sql-driver/mysql v1.7.0/go.mod h1:OXbVy3sEdcQ2Doequ6Z5BW6fXNQTmx+9S1MCJN5yJMI=
github.com/redis/go-redis v6.15.9+incompatible h1:F+tnlesQSl3h9V8DdmtcYFdvkHLhbb7AgcLW6UJxnC4=
github.com/redis/go-redis v6.15.9+incompatible/go.mod h1:ic6dLmR0d9rkHSzaa0Ab3QVRZcjopJ9hSSPCrecj/+s=
